PODS:
  - FBSnapshotTestCase (2.0.3):
    - FBSnapshotTestCase/SwiftSupport (= 2.0.3)
  - FBSnapshotTestCase/Core (2.0.3)
  - FBSnapshotTestCase/SwiftSupport (2.0.3):
    - FBSnapshotTestCase/Core
  - SwiftSiriWaveformView (0.1.0)

DEPENDENCIES:
  - FBSnapshotTestCase
  - SwiftSiriWaveformView (from `../`)

EXTERNAL SOURCES:
  SwiftSiriWaveformView:
    :path: ../

SPEC CHECKSUMS:
  FBSnapshotTestCase: d0eeca6bf87958e088b254396ae66873f971cfb1
  SwiftSiriWaveformView: a7fcf7afcc6e4ca75915deb0cdf5ef21f7fc24bc

COCOAPODS: 0.38.0.beta.2
